
Microsoft Visual Studio Solution File, Format Version 12.00
Project("{FAE04EC0-301F-11D3-BF4B-00C04F79EFBC}") = "Web", "Web\Web.csproj", "{DED2BD80-85D0-4126-944E-9636F8611F0C}"
EndProject
Project("{2150E333-8FDC-42A3-9474-1A3956D46DE8}") = "Tests", "Tests", "{C1696E4B-4FE7-4284-8C29-C51604AC3387}"
EndProject
Project("{2150E333-8FDC-42A3-9474-1A3956D46DE8}") = "Core", "Core", "{F2DCF732-27B4-4E93-B974-F6419B95CA65}"
EndProject
Project("{2150E333-8FDC-42A3-9474-1A3956D46DE8}") = "Infrastructure", "Infrastructure", "{52CA3B72-EF91-44DF-A2DF-2A560BFC4F88}"
EndProject
Project("{FAE04EC0-301F-11D3-BF4B-00C04F79EFBC}") = "Domain", "Core\Domain\Domain.csproj", "{661E348F-872B-4225-9695-D08381B1B82C}"
EndProject
Project("{FAE04EC0-301F-11D3-BF4B-00C04F79EFBC}") = "Application", "Core\Application\Application.csproj", "{57A3117F-292D-46E3-A3C2-C068057E6BFD}"
EndProject
Project("{FAE04EC0-301F-11D3-BF4B-00C04F79EFBC}") = "Dal", "Infrastructure\Dal\Dal.csproj", "{418CB662-DEEA-4BEA-BB85-6CBCA34012B9}"
EndProject
Project("{2150E333-8FDC-42A3-9474-1A3956D46DE8}") = "Core", "Core", "{E5ED7150-2E21-4A13-B2DC-679B19BFF4EB}"
EndProject
Project("{FAE04EC0-301F-11D3-BF4B-00C04F79EFBC}") = "DomainTests", "Tests\Core\DomainTests\DomainTests.csproj", "{4C2819D9-C724-457F-84EB-2B440F4656E1}"
EndProject
Project("{FAE04EC0-301F-11D3-BF4B-00C04F79EFBC}") = "ApplicationTests", "Tests\Core\ApplicationTests\ApplicationTests.csproj", "{01FBE6F6-F147-4985-BBFD-C1EAEB0EEB1E}"
EndProject
Global
	GlobalSection(SolutionConfigurationPlatforms) = preSolution
		Debug|Any CPU = Debug|Any CPU
		Release|Any CPU = Release|Any CPU
	EndGlobalSection
	GlobalSection(ProjectConfigurationPlatforms) = postSolution
		{DED2BD80-85D0-4126-944E-9636F8611F0C}.Debug|Any CPU.ActiveCfg = Debug|Any CPU
		{DED2BD80-85D0-4126-944E-9636F8611F0C}.Debug|Any CPU.Build.0 = Debug|Any CPU
		{DED2BD80-85D0-4126-944E-9636F8611F0C}.Release|Any CPU.ActiveCfg = Release|Any CPU
		{DED2BD80-85D0-4126-944E-9636F8611F0C}.Release|Any CPU.Build.0 = Release|Any CPU
		{661E348F-872B-4225-9695-D08381B1B82C}.Debug|Any CPU.ActiveCfg = Debug|Any CPU
		{661E348F-872B-4225-9695-D08381B1B82C}.Debug|Any CPU.Build.0 = Debug|Any CPU
		{661E348F-872B-4225-9695-D08381B1B82C}.Release|Any CPU.ActiveCfg = Release|Any CPU
		{661E348F-872B-4225-9695-D08381B1B82C}.Release|Any CPU.Build.0 = Release|Any CPU
		{57A3117F-292D-46E3-A3C2-C068057E6BFD}.Debug|Any CPU.ActiveCfg = Debug|Any CPU
		{57A3117F-292D-46E3-A3C2-C068057E6BFD}.Debug|Any CPU.Build.0 = Debug|Any CPU
		{57A3117F-292D-46E3-A3C2-C068057E6BFD}.Release|Any CPU.ActiveCfg = Release|Any CPU
		{57A3117F-292D-46E3-A3C2-C068057E6BFD}.Release|Any CPU.Build.0 = Release|Any CPU
		{418CB662-DEEA-4BEA-BB85-6CBCA34012B9}.Debug|Any CPU.ActiveCfg = Debug|Any CPU
		{418CB662-DEEA-4BEA-BB85-6CBCA34012B9}.Debug|Any CPU.Build.0 = Debug|Any CPU
		{418CB662-DEEA-4BEA-BB85-6CBCA34012B9}.Release|Any CPU.ActiveCfg = Release|Any CPU
		{418CB662-DEEA-4BEA-BB85-6CBCA34012B9}.Release|Any CPU.Build.0 = Release|Any CPU
		{4C2819D9-C724-457F-84EB-2B440F4656E1}.Debug|Any CPU.ActiveCfg = Debug|Any CPU
		{4C2819D9-C724-457F-84EB-2B440F4656E1}.Debug|Any CPU.Build.0 = Debug|Any CPU
		{4C2819D9-C724-457F-84EB-2B440F4656E1}.Release|Any CPU.ActiveCfg = Release|Any CPU
		{4C2819D9-C724-457F-84EB-2B440F4656E1}.Release|Any CPU.Build.0 = Release|Any CPU
		{01FBE6F6-F147-4985-BBFD-C1EAEB0EEB1E}.Debug|Any CPU.ActiveCfg = Debug|Any CPU
		{01FBE6F6-F147-4985-BBFD-C1EAEB0EEB1E}.Debug|Any CPU.Build.0 = Debug|Any CPU
		{01FBE6F6-F147-4985-BBFD-C1EAEB0EEB1E}.Release|Any CPU.ActiveCfg = Release|Any CPU
		{01FBE6F6-F147-4985-BBFD-C1EAEB0EEB1E}.Release|Any CPU.Build.0 = Release|Any CPU
	EndGlobalSection
	GlobalSection(NestedProjects) = preSolution
		{661E348F-872B-4225-9695-D08381B1B82C} = {F2DCF732-27B4-4E93-B974-F6419B95CA65}
		{57A3117F-292D-46E3-A3C2-C068057E6BFD} = {F2DCF732-27B4-4E93-B974-F6419B95CA65}
		{418CB662-DEEA-4BEA-BB85-6CBCA34012B9} = {52CA3B72-EF91-44DF-A2DF-2A560BFC4F88}
		{E5ED7150-2E21-4A13-B2DC-679B19BFF4EB} = {C1696E4B-4FE7-4284-8C29-C51604AC3387}
		{4C2819D9-C724-457F-84EB-2B440F4656E1} = {E5ED7150-2E21-4A13-B2DC-679B19BFF4EB}
		{01FBE6F6-F147-4985-BBFD-C1EAEB0EEB1E} = {E5ED7150-2E21-4A13-B2DC-679B19BFF4EB}
	EndGlobalSection
EndGlobal
